// !$*UTF8*$!
{
	archiveVersion = 1;
	classes = {
	};
	objectVersion = 46;
	objects = {

/* Begin PBXBuildFile section */
		099892AC1B537FA200B6B96E /* main.m in Sources */ = {isa = PBXBuildFile; fileRef = 099892AB1B537FA200B6B96E /* main.m */; };
		099892AF1B537FA200B6B96E /* AppDelegate.m in Sources */ = {isa = PBXBuildFile; fileRef = 099892AE1B537FA200B6B96E /* AppDelegate.m */; };
		099892B21B537FA200B6B96E /* ViewController.m in Sources */ = {isa = PBXBuildFile; fileRef = 099892B11B537FA200B6B96E /* ViewController.m */; };
		099892B51B537FA200B6B96E /* Main.storyboard in Resources */ = {isa = PBXBuildFile; fileRef = 099892B31B537FA200B6B96E /* Main.storyboard */; };
		099892B71B537FA200B6B96E /* Images.xcassets in Resources */ = {isa = PBXBuildFile; fileRef = 099892B61B537FA200B6B96E /* Images.xcassets */; };
		099892BA1B537FA200B6B96E /* LaunchScreen.xib in Resources */ = {isa = PBXBuildFile; fileRef = 099892B81B537FA200B6B96E /* LaunchScreen.xib */; };
		099892C61B537FA200B6B96E /* _2223333Tests.m in Sources */ = {isa = PBXBuildFile; fileRef = 099892C51B537FA200B6B96E /* _2223333Tests.m */; };
		D070A34B1B5C84B70035B66F /* RootViewController.m in Sources */ = {isa = PBXBuildFile; fileRef = D070A34A1B5C84B70035B66F /* RootViewController.m */; };
		D070A34E1B5C84CA0035B66F /* RootView.m in Sources */ = {isa = PBXBuildFile; fileRef = D070A34D1B5C84CA0035B66F /* RootView.m */; };
/* End PBXBuildFile section */

/* Begin PBXContainerItemProxy section */
		099892C01B537FA200B6B96E /* PBXContainerItemProxy */ = {
			isa = PBXContainerItemProxy;
			containerPortal = 0998929E1B537FA200B6B96E /* Project object */;
			proxyType = 1;
			remoteGlobalIDString = 099892A51B537FA200B6B96E;
			remoteInfo = 22223333;
		};
/* End PBXContainerItemProxy section */

/* Begin PBXFileReference section */
		099892A61B537FA200B6B96E /* 22223333.app */ = {isa = PBXFileReference; explicitFileType = wrapper.application; includeInIndex = 0; path = 22223333.app; sourceTree = BUILT_PRODUCTS_DIR; };
		099892AA1B537FA200B6B96E /* Info.plist */ = {isa = PBXFileReference; lastKnownFileType = text.plist.xml; path = Info.plist; sourceTree = "<group>"; };
		099892AB1B537FA200B6B96E /* main.m */ = {isa = PBXFileReference; lastKnownFileType = sourcecode.c.objc; path = main.m; sourceTree = "<group>"; };
		099892AD1B537FA200B6B96E /* AppDelegate.h */ = {isa = PBXFileReference; lastKnownFileType = sourcecode.c.h; path = AppDelegate.h; sourceTree = "<group>"; };
		099892AE1B537FA200B6B96E /* AppDelegate.m */ = {isa = PBXFileReference; lastKnownFileType = sourcecode.c.objc; path = AppDelegate.m; sourceTree = "<group>"; };
		099892B01B537FA200B6B96E /* ViewController.h */ = {isa = PBXFileReference; lastKnownFileType = sourcecode.c.h; path = ViewController.h; sourceTree = "<group>"; };
		099892B11B537FA200B6B96E /* ViewController.m */ = {isa = PBXFileReference; lastKnownFileType = sourcecode.c.objc; path = ViewController.m; sourceTree = "<group>"; };
		099892B41B537FA200B6B96E /* Base */ = {isa = PBXFileReference; lastKnownFileType = file.storyboard; name = Base; path = Base.lproj/Main.storyboard; sourceTree = "<group>"; };
		099892B61B537FA200B6B96E /* Images.xcassets */ = {isa = PBXFileReference; lastKnownFileType = folder.assetcatalog; path = Images.xcassets; sourceTree = "<group>"; };
		099892B91B537FA200B6B96E /* Base */ = {isa = PBXFileReference; lastKnownFileType = file.xib; name = Base; path = Base.lproj/LaunchScreen.xib; sourceTree = "<group>"; };
		099892BF1B537FA200B6B96E /* 22223333Tests.xctest */ = {isa = PBXFileReference; explicitFileType = wrapper.cfbundle; includeInIndex = 0; path = 22223333Tests.xctest; sourceTree = BUILT_PRODUCTS_DIR; };
		099892C41B537FA200B6B96E /* Info.plist */ = {isa = PBXFileReference; lastKnownFileType = text.plist.xml; path = Info.plist; sourceTree = "<group>"; };
		099892C51B537FA200B6B96E /* _2223333Tests.m */ = {isa = PBXFileReference; lastKnownFileType = sourcecode.c.objc; path = _2223333Tests.m; sourceTree = "<group>"; };
		D070A3491B5C84B70035B66F /* RootViewController.h */ = {isa = PBXFileReference; fileEncoding = 4; lastKnownFileType = sourcecode.c.h; path = RootViewController.h; sourceTree = "<group>"; };
		D070A34A1B5C84B70035B66F /* RootViewController.m */ = {isa = PBXFileReference; fileEncoding = 4; lastKnownFileType = sourcecode.c.objc; path = RootViewController.m; sourceTree = "<group>"; };
		D070A34C1B5C84CA0035B66F /* RootView.h */ = {isa = PBXFileReference; fileEncoding = 4; lastKnownFileType = sourcecode.c.h; path = RootView.h; sourceTree = "<group>"; };
		D070A34D1B5C84CA0035B66F /* RootView.m */ = {isa = PBXFileReference; fileEncoding = 4; lastKnownFileType = sourcecode.c.objc; path = RootView.m; sourceTree = "<group>"; };
/* End PBXFileReference section */

/* Begin PBXFrameworksBuildPhase section */
		099892A31B537FA200B6B96E /* Frameworks */ = {
			isa = PBXFrameworksBuildPhase;
			buildActionMask = 2147483647;
			files = (
			);
			runOnlyForDeploymentPostprocessing = 0;
		};
		099892BC1B537FA200B6B96E /* Frameworks */ = {
			isa = PBXFrameworksBuildPhase;
			buildActionMask = 2147483647;
			files = (
			);
			runOnlyForDeploymentPostprocessing = 0;
		};
/* End PBXFrameworksBuildPhase section */

/* Begin PBXGroup section */
		0998929D1B537FA200B6B96E = {
			isa = PBXGroup;
			children = (
				099892A81B537FA200B6B96E /* 22223333 */,
				099892C21B537FA200B6B96E /* 22223333Tests */,
				099892A71B537FA200B6B96E /* Products */,
			);
			sourceTree = "<group>";
		};
		099892A71B537FA200B6B96E /* Products */ = {
			isa = PBXGroup;
			children = (
				099892A61B537FA200B6B96E /* 22223333.app */,
				099892BF1B537FA200B6B96E /* 22223333Tests.xctest */,
			);
			name = Products;
			sourceTree = "<group>";
		};
		099892A81B537FA200B6B96E /* 22223333 */ = {
			isa = PBXGroup;
			children = (
				099892AD1B537FA200B6B96E /* AppDelegate.h */,
				099892AE1B537FA200B6B96E /* AppDelegate.m */,
				099892B01B537FA200B6B96E /* ViewController.h */,
				099892B11B537FA200B6B96E /* ViewController.m */,
				D070A3491B5C84B70035B66F /* RootViewController.h */,
				D070A34A1B5C84B70035B66F /* RootViewController.m */,
				D070A34C1B5C84CA0035B66F /* RootView.h */,
				D070A34D1B5C84CA0035B66F /* RootView.m */,
				099892B31B537FA200B6B96E /* Main.storyboard */,
				099892B61B537FA200B6B96E /* Images.xcassets */,
				099892B81B537FA200B6B96E /* LaunchScreen.xib */,
				099892A91B537FA200B6B96E /* Supporting Files */,
			);
			path = 22223333;
			sourceTree = "<group>";
		};
		099892A91B537FA200B6B96E /* Supporting Files */ = {
			isa = PBXGroup;
			children = (
				099892AA1B537FA200B6B96E /* Info.plist */,
				099892AB1B537FA200B6B96E /* main.m */,
			);
			name = "Supporting Files";
			sourceTree = "<group>";
		};
		099892C21B537FA200B6B96E /* 22223333Tests */ = {
			isa = PBXGroup;
			children = (
				099892C51B537FA200B6B96E /* _2223333Tests.m */,
				099892C31B537FA200B6B96E /* Supporting Files */,
			);
			path = 22223333Tests;
			sourceTree = "<group>";
		};
		099892C31B537FA200B6B96E /* Supporting Files */ = {
			isa = PBXGroup;
			children = (
				099892C41B537FA200B6B96E /* Info.plist */,
			);
			name = "Supporting Files";
			sourceTree = "<group>";
		};
/* End PBXGroup section */

/* Begin PBXNativeTarget section */
		099892A51B537FA200B6B96E /* 22223333 */ = {
			isa = PBXNativeTarget;
			buildConfigurationList = 099892C91B537FA200B6B96E /* Build configuration list for PBXNativeTarget "22223333" */;
			buildPhases = (
				099892A21B537FA200B6B96E /* Sources */,
				099892A31B537FA200B6B96E /* Frameworks */,
				099892A41B537FA200B6B96E /* Resources */,
			);
			buildRules = (
			);
			dependencies = (
			);
			name = 22223333;
			productName = 22223333;
			productReference = 099892A61B537FA200B6B96E /* 22223333.app */;
			productType = "com.apple.product-type.application";
		};
		099892BE1B537FA200B6B96E /* 22223333Tests */ = {
			isa = PBXNativeTarget;
			buildConfigurationList = 099892CC1B537FA200B6B96E /* Build configuration list for PBXNativeTarget "22223333Tests" */;
			buildPhases = (
				099892BB1B537FA200B6B96E /* Sources */,
				099892BC1B537FA200B6B96E /* Frameworks */,
				099892BD1B537FA200B6B96E /* Resources */,
			);
			buildRules = (
			);
			dependencies = (
				099892C11B537FA200B6B96E /* PBXTargetDependency */,
			);
			name = 22223333Tests;
			productName = 22223333Tests;
			productReference = 099892BF1B537FA200B6B96E /* 22223333Tests.xctest */;
			productType = "com.apple.product-type.bundle.unit-test";
		};
/* End PBXNativeTarget section */

/* Begin PBXProject section */
		0998929E1B537FA200B6B96E /* Project object */ = {
			isa = PBXProject;
			attributes = {
				LastUpgradeCheck = 0630;
				ORGANIZATIONNAME = "牛方路";
				TargetAttributes = {
					099892A51B537FA200B6B96E = {
						CreatedOnToolsVersion = 6.3.2;
					};
					099892BE1B537FA200B6B96E = {
						CreatedOnToolsVersion = 6.3.2;
						TestTargetID = 099892A51B537FA200B6B96E;
					};
				};
			};
			buildConfigurationList = 099892A11B537FA200B6B96E /* Build configuration list for PBXProject "22223333" */;
			compatibilityVersion = "Xcode 3.2";
			developmentRegion = English;
			hasScannedForEncodings = 0;
			knownRegions = (
				en,
				Base,
			);
			mainGroup = 0998929D1B537FA200B6B96E;
			productRefGroup = 099892A71B537FA200B6B96E /* Products */;
			projectDirPath = "";
			projectRoot = "";
			targets = (
				099892A51B537FA200B6B96E /* 22223333 */,
				099892BE1B537FA200B6B96E /* 22223333Tests */,
			);
		};
/* End PBXProject section */

/* Begin PBXResourcesBuildPhase section */
		099892A41B537FA200B6B96E /* Resources */ = {
			isa = PBXResourcesBuildPhase;
			buildActionMask = 2147483647;
			files = (
				099892B51B537FA200B6B96E /* Main.storyboard in Resources */,
				099892BA1B537FA200B6B96E /* LaunchScreen.xib in Resources */,
				099892B71B537FA200B6B96E /* Images.xcassets in Resources */,
			);
			runOnlyForDeploymentPostprocessing = 0;
		};
		099892BD1B537FA200B6B96E /* Resources */ = {
			isa = PBXResourcesBuildPhase;
			buildActionMask = 2147483647;
			files = (
			);
			runOnlyForDeploymentPostprocessing = 0;
		};
/* End PBXResourcesBuildPhase section */

/* Begin PBXSourcesBuildPhase section */
		099892A21B537FA200B6B96E /* Sources */ = {
			isa = PBXSourcesBuildPhase;
			buildActionMask = 2147483647;
			files = (
				099892B21B537FA200B6B96E /* ViewController.m in Sources */,
				099892AF1B537FA200B6B96E /* AppDelegate.m in Sources */,
				D070A34B1B5C84B70035B66F /* RootViewController.m in Sources */,
				099892AC1B537FA200B6B96E /* main.m in Sources */,
				D070A34E1B5C84CA0035B66F /* RootView.m in Sources */,
			);
			runOnlyForDeploymentPostprocessing = 0;
		};
		099892BB1B537FA200B6B96E /* Sources */ = {
			isa = PBXSourcesBuildPhase;
			buildActionMask = 2147483647;
			files = (
				099892C61B537FA200B6B96E /* _2223333Tests.m in Sources */,
			);
			runOnlyForDeploymentPostprocessing = 0;
		};
/* End PBXSourcesBuildPhase section */

/* Begin PBXTargetDependency section */
		099892C11B537FA200B6B96E /* PBXTargetDependency */ = {
			isa = PBXTargetDependency;
			target = 099892A51B537FA200B6B96E /* 22223333 */;
			targetProxy = 099892C01B537FA200B6B96E /* PBXContainerItemProxy */;
		};
/* End PBXTargetDependency section */

/* Begin PBXVariantGroup section */
		099892B31B537FA200B6B96E /* Main.storyboard */ = {
			isa = PBXVariantGroup;
			children = (
				099892B41B537FA200B6B96E /* Base */,
			);
			name = Main.storyboard;
			sourceTree = "<group>";
		};
		099892B81B537FA200B6B96E /* LaunchScreen.xib */ = {
			isa = PBXVariantGroup;
			children = (
				099892B91B537FA200B6B96E /* Base */,
			);
			name = LaunchScreen.xib;
			sourceTree = "<group>";
		};
/* End PBXVariantGroup section */

/* Begin XCBuildConfiguration section */
		099892C71B537FA200B6B96E /* Debug */ = {
			isa = XCBuildConfiguration;
			buildSettings = {
				ALWAYS_SEARCH_USER_PATHS = NO;
				CLANG_CXX_LANGUAGE_STANDARD = "gnu++0x";
				CLANG_CXX_LIBRARY = "libc++";
				CLANG_ENABLE_MODULES = YES;
				CLANG_ENABLE_OBJC_ARC = YES;
				CLANG_WARN_BOOL_CONVERSION = YES;
				CLANG_WARN_CONSTANT_CONVERSION = YES;
				CLANG_WARN_DIRECT_OBJC_ISA_USAGE = YES_ERROR;
				CLANG_WARN_EMPTY_BODY = YES;
				CLANG_WARN_ENUM_CONVERSION = YES;
				CLANG_WARN_INT_CONVERSION = YES;
				CLANG_WARN_OBJC_ROOT_CLASS = YES_ERROR;
				CLANG_WARN_UNREACHABLE_CODE = YES;
				CLANG_WARN__DUPLICATE_METHOD_MATCH = YES;
				"CODE_SIGN_IDENTITY[sdk=iphoneos*]" = "iPhone Developer";
				COPY_PHASE_STRIP = NO;
				DEBUG_INFORMATION_FORMAT = "dwarf-with-dsym";
				ENABLE_STRICT_OBJC_MSGSEND = YES;
				GCC_C_LANGUAGE_STANDARD = gnu99;
				GCC_DYNAMIC_NO_PIC = NO;
				GCC_NO_COMMON_BLOCKS = YES;
				GCC_OPTIMIZATION_LEVEL = 0;
				GCC_PREPROCESSOR_DEFINITIONS = (
					"DEBUG=1",
					"$(inherited)",
				);
				GCC_SYMBOLS_PRIVATE_EXTERN = NO;
				GCC_WARN_64_TO_32_BIT_CONVERSION = YES;
				GCC_WARN_ABOUT_RETURN_TYPE = YES_ERROR;
				GCC_WARN_UNDECLARED_SELECTOR = YES;
				GCC_WARN_UNINITIALIZED_AUTOS = YES_AGGRESSIVE;
				GCC_WARN_UNUSED_FUNCTION = YES;
				GCC_WARN_UNUSED_VARIABLE = YES;
				IPHONEOS_DEPLOYMENT_TARGET = 8.3;
				MTL_ENABLE_DEBUG_INFO = YES;
				ONLY_ACTIVE_ARCH = YES;
				SDKROOT = iphoneos;
				TARGETED_DEVICE_FAMILY = "1,2";
			};
			name = Debug;
		};
		099892C81B537FA200B6B96E /* Release */ = {
			isa = XCBuildConfiguration;
			buildSettings = {
				ALWAYS_SEARCH_USER_PATHS = NO;
				CLANG_CXX_LANGUAGE_STANDARD = "gnu++0x";
				CLANG_CXX_LIBRARY = "libc++";
				CLANG_ENABLE_MODULES = YES;
				CLANG_ENABLE_OBJC_ARC = YES;
				CLANG_WARN_BOOL_CONVERSION = YES;
				CLANG_WARN_CONSTANT_CONVERSION = YES;
				CLANG_WARN_DIRECT_OBJC_ISA_USAGE = YES_ERROR;
				CLANG_WARN_EMPTY_BODY = YES;
				CLANG_WARN_ENUM_CONVERSION = YES;
				CLANG_WARN_INT_CONVERSION = YES;
				CLANG_WARN_OBJC_ROOT_CLASS = YES_ERROR;
				CLANG_WARN_UNREACHABLE_CODE = YES;
				CLANG_WARN__DUPLICATE_METHOD_MATCH = YES;
				"CODE_SIGN_IDENTITY[sdk=iphoneos*]" = "iPhone Developer";
				COPY_PHASE_STRIP = NO;
				DEBUG_INFORMATION_FORMAT = "dwarf-with-dsym";
				ENABLE_NS_ASSERTIONS = NO;
				ENABLE_STRICT_OBJC_MSGSEND = YES;
				GCC_C_LANGUAGE_STANDARD = gnu99;
				GCC_NO_COMMON_BLOCKS = YES;
				GCC_WARN_64_TO_32_BIT_CONVERSION = YES;
				GCC_WARN_ABOUT_RETURN_TYPE = YES_ERROR;
				GCC_WARN_UNDECLARED_SELECTOR = YES;
				GCC_WARN_UNINITIALIZED_AUTOS = YES_AGGRESSIVE;
				GCC_WARN_UNUSED_FUNCTION = YES;
				GCC_WARN_UNUSED_VARIABLE = YES;
				IPHONEOS_DEPLOYMENT_TARGET = 8.3;
				MTL_ENABLE_DEBUG_INFO = NO;
				SDKROOT = iphoneos;
				TARGETED_DEVICE_FAMILY = "1,2";
				VALIDATE_PRODUCT = YES;
			};
			name = Release;
		};
		099892CA1B537FA200B6B96E /* Debug */ = {
			isa = XCBuildConfiguration;
			buildSettings = {
				ASSETCATALOG_COMPILER_APPICON_NAME = AppIcon;
				INFOPLIST_FILE = 22223333/Info.plist;
				LD_RUNPATH_SEARCH_PATHS = "$(inherited) @executable_path/Frameworks";
				PRODUCT_NAME = "$(TARGET_NAME)";
			};
			name = Debug;
		};
		099892CB1B537FA200B6B96E /* Release */ = {
			isa = XCBuildConfiguration;
			buildSettings = {
				ASSETCATALOG_COMPILER_APPICON_NAME = AppIcon;
				INFOPLIST_FILE = 22223333/Info.plist;
				LD_RUNPATH_SEARCH_PATHS = "$(inherited) @executable_path/Frameworks";
				PRODUCT_NAME = "$(TARGET_NAME)";
			};
			name = Release;
		};
		099892CD1B537FA200B6B96E /* Debug */ = {
			isa = XCBuildConfiguration;
			buildSettings = {
				BUNDLE_LOADER = "$(TEST_HOST)";
				FRAMEWORK_SEARCH_PATHS = (
					"$(SDKROOT)/Developer/Library/Frameworks",
					"$(inherited)",
				);
				GCC_PREPROCESSOR_DEFINITIONS = (
					"DEBUG=1",
					"$(inherited)",
				);
				INFOPLIST_FILE = 22223333Tests/Info.plist;
				LD_RUNPATH_SEARCH_PATHS = "$(inherited) @executable_path/Frameworks @loader_path/Frameworks";
				PRODUCT_NAME = "$(TARGET_NAME)";
				TEST_HOST = "$(BUILT_PRODUCTS_DIR)/22223333.app/22223333";
			};
			name = Debug;
		};
		099892CE1B537FA200B6B96E /* Release */ = {
			isa = XCBuildConfiguration;
			buildSettings = {
				BUNDLE_LOADER = "$(TEST_HOST)";
				FRAMEWORK_SEARCH_PATHS = (
					"$(SDKROOT)/Developer/Library/Frameworks",
					"$(inherited)",
				);
				INFOPLIST_FILE = 22223333Tests/Info.plist;
				LD_RUNPATH_SEARCH_PATHS = "$(inherited) @executable_path/Frameworks @loader_path/Frameworks";
				PRODUCT_NAME = "$(TARGET_NAME)";
				TEST_HOST = "$(BUILT_PRODUCTS_DIR)/22223333.app/22223333";
			};
			name = Release;
		};
/* End XCBuildConfiguration section */

/* Begin XCConfigurationList section */
		099892A11B537FA200B6B96E /* Build configuration list for PBXProject "22223333" */ = {
			isa = XCConfigurationList;
			buildConfigurations = (
				099892C71B537FA200B6B96E /* Debug */,
				099892C81B537FA200B6B96E /* Release */,
			);
			defaultConfigurationIsVisible = 0;
			defaultConfigurationName = Release;
		};
		099892C91B537FA200B6B96E /* Build configuration list for PBXNativeTarget "22223333" */ = {
			isa = XCConfigurationList;
			buildConfigurations = (
				099892CA1B537FA200B6B96E /* Debug */,
				099892CB1B537FA200B6B96E /* Release */,
			);
			defaultConfigurationIsVisible = 0;
			defaultConfigurationName = Release;
		};
		099892CC1B537FA200B6B96E /* Build configuration list for PBXNativeTarget "22223333Tests" */ = {
			isa = XCConfigurationList;
			buildConfigurations = (
				099892CD1B537FA200B6B96E /* Debug */,
				099892CE1B537FA200B6B96E /* Release */,
			);
			defaultConfigurationIsVisible = 0;
			defaultConfigurationName = Release;
		};
/* End XCConfigurationList section */
	};
	rootObject = 0998929E1B537FA200B6B96E /* Project object */;
}
